
Microsoft Visual Studio Solution File, Format Version 12.00
# Visual Studio Version 16
VisualStudioVersion = 16.0.30907.101
MinimumVisualStudioVersion = 10.0.40219.1
Project("{9A19103F-16F7-4668-BE54-9A1E7A4F7556}") = "EmployeeManagement.Models", "EmployeeManagement.Models\EmployeeManagement.Models.csproj", "{E5CBE826-5DC1-4DC3-930F-408F04990442}"
EndProject
Project("{9A19103F-16F7-4668-BE54-9A1E7A4F7556}") = "EmployeeManagement.Web", "EmployeeManagement.Web\EmployeeManagement.Web.csproj", "{ACC1AF34-A3F6-4337-B8A8-CB48D09168D0}"
EndProject
Project("{FAE04EC0-301F-11D3-BF4B-00C04F79EFBC}") = "EmployeeManagement.Api", "EmployeeManagement.Api\EmployeeManagement.Api.csproj", "{6A1F2A86-0401-4441-841A-6FAE85F241E6}"
EndProject
Global
	GlobalSection(SolutionConfigurationPlatforms) = preSolution
		Debug|Any CPU = Debug|Any CPU
		Release|Any CPU = Release|Any CPU
	EndGlobalSection
	GlobalSection(ProjectConfigurationPlatforms) = postSolution
		{E5CBE826-5DC1-4DC3-930F-408F04990442}.Debug|Any CPU.ActiveCfg = Debug|Any CPU
		{E5CBE826-5DC1-4DC3-930F-408F04990442}.Debug|Any CPU.Build.0 = Debug|Any CPU
		{E5CBE826-5DC1-4DC3-930F-408F04990442}.Release|Any CPU.ActiveCfg = Release|Any CPU
		{E5CBE826-5DC1-4DC3-930F-408F04990442}.Release|Any CPU.Build.0 = Release|Any CPU
		{ACC1AF34-A3F6-4337-B8A8-CB48D09168D0}.Debug|Any CPU.ActiveCfg = Debug|Any CPU
		{ACC1AF34-A3F6-4337-B8A8-CB48D09168D0}.Debug|Any CPU.Build.0 = Debug|Any CPU
		{ACC1AF34-A3F6-4337-B8A8-CB48D09168D0}.Release|Any CPU.ActiveCfg = Release|Any CPU
		{ACC1AF34-A3F6-4337-B8A8-CB48D09168D0}.Release|Any CPU.Build.0 = Release|Any CPU
		{6A1F2A86-0401-4441-841A-6FAE85F241E6}.Debug|Any CPU.ActiveCfg = Debug|Any CPU
		{6A1F2A86-0401-4441-841A-6FAE85F241E6}.Debug|Any CPU.Build.0 = Debug|Any CPU
		{6A1F2A86-0401-4441-841A-6FAE85F241E6}.Release|Any CPU.ActiveCfg = Release|Any CPU
		{6A1F2A86-0401-4441-841A-6FAE85F241E6}.Release|Any CPU.Build.0 = Release|Any CPU
	EndGlobalSection
	GlobalSection(SolutionProperties) = preSolution
		HideSolutionNode = FALSE
	EndGlobalSection
	GlobalSection(ExtensibilityGlobals) = postSolution
		SolutionGuid = {66E2044C-41F3-4349-844A-747A7C6676D7}
	EndGlobalSection
EndGlobal
